{
  "name": "scroll-pacer-js",
  "version": "1.0.2",
  "lockfileVersion": 3,
  "requires": true,
  "packages": {
    "": {
      "name": "scroll-pacer-js",
      "version": "1.0.2",
      "license": "MIT",
      "dependencies": {
        "pacer-js": "^1.0.3"
      }
    },
    "node_modules/pacer-js": {
      "version": "1.0.5",
      "resolved": "https://registry.npmjs.org/pacer-js/-/pacer-js-1.0.3.tgz",
      "integrity": "sha512-Jr/GXXJpGzICgSHX2/6V9hqoWNuHgGsiwWSXw3sGlzCHaWO+xLW7sr1JRmr/FVBMZt51eG1Itqp9EuF+BvTIJg==",
      "license": "MIT",
      "dependencies": {
        "shoes-js": "^1.0.2"
      }
    },
    "node_modules/shoes-js": {
      "version": "1.0.2",
      "resolved": "https://registry.npmjs.org/shoes-js/-/shoes-js-1.0.1.tgz",
      "integrity": "sha512-lu234TAJNHPE5PL1z/uH9eJ3PWmJzyZk6dBwk5qj8O4G0BHwKJMoO+Dt3GSMrcBsifd8xJcMr5dWvxPNETvXTw==",
      "license": "MIT"
    }
  }
}
